Microsoft Visual Studio Solution File, Format Version 11.00
# Visual Studio 2010
Project("{FAE04EC0-301F-11D3-BF4B-00C04F79EFBC}") = "Pushover.NET", "Pushover.NET\Pushover.NET.csproj", "{19A9F800-4A08-4091-BCB1-58BA46E5609B}"
EndProject
Project("{FAE04EC0-301F-11D3-BF4B-00C04F79EFBC}") = "PushoverTestHarness", "PushoverTestHarness\PushoverTestHarness.csproj", "{70462893-255D-4D08-A0B8-1E3068F329BA}"
EndProject
Global
	GlobalSection(SolutionConfigurationPlatforms) = preSolution
		Debug|Any CPU = Debug|Any CPU
		Debug|Mixed Platforms = Debug|Mixed Platforms
		Debug|x86 = Debug|x86
		Release|Any CPU = Release|Any CPU
		Release|Mixed Platforms = Release|Mixed Platforms
		Release|x86 = Release|x86
	EndGlobalSection
	GlobalSection(ProjectConfigurationPlatforms) = postSolution
		{19A9F800-4A08-4091-BCB1-58BA46E5609B}.Debug|Any CPU.ActiveCfg = Debug|Any CPU
		{19A9F800-4A08-4091-BCB1-58BA46E5609B}.Debug|Any CPU.Build.0 = Debug|Any CPU
		{19A9F800-4A08-4091-BCB1-58BA46E5609B}.Debug|Mixed Platforms.ActiveCfg = Debug|Any CPU
		{19A9F800-4A08-4091-BCB1-58BA46E5609B}.Debug|Mixed Platforms.Build.0 = Debug|Any CPU
		{19A9F800-4A08-4091-BCB1-58BA46E5609B}.Debug|x86.ActiveCfg = Debug|Any CPU
		{19A9F800-4A08-4091-BCB1-58BA46E5609B}.Release|Any CPU.ActiveCfg = Release|Any CPU
		{19A9F800-4A08-4091-BCB1-58BA46E5609B}.Release|Any CPU.Build.0 = Release|Any CPU
		{19A9F800-4A08-4091-BCB1-58BA46E5609B}.Release|Mixed Platforms.ActiveCfg = Release|Any CPU
		{19A9F800-4A08-4091-BCB1-58BA46E5609B}.Release|Mixed Platforms.Build.0 = Release|Any CPU
		{19A9F800-4A08-4091-BCB1-58BA46E5609B}.Release|x86.ActiveCfg = Release|Any CPU
		{70462893-255D-4D08-A0B8-1E3068F329BA}.Debug|Any CPU.ActiveCfg = Debug|Any CPU
		{70462893-255D-4D08-A0B8-1E3068F329BA}.Debug|Any CPU.Build.0 = Debug|Any CPU
		{70462893-255D-4D08-A0B8-1E3068F329BA}.Debug|Mixed Platforms.ActiveCfg = Debug|Any CPU
		{70462893-255D-4D08-A0B8-1E3068F329BA}.Debug|Mixed Platforms.Build.0 = Debug|Any CPU
		{70462893-255D-4D08-A0B8-1E3068F329BA}.Debug|x86.ActiveCfg = Debug|Any CPU
		{70462893-255D-4D08-A0B8-1E3068F329BA}.Release|Any CPU.ActiveCfg = Release|Any CPU
		{70462893-255D-4D08-A0B8-1E3068F329BA}.Release|Any CPU.Build.0 = Release|Any CPU
		{70462893-255D-4D08-A0B8-1E3068F329BA}.Release|Mixed Platforms.ActiveCfg = Release|Any CPU
		{70462893-255D-4D08-A0B8-1E3068F329BA}.Release|Mixed Platforms.Build.0 = Release|Any CPU
		{70462893-255D-4D08-A0B8-1E3068F329BA}.Release|x86.ActiveCfg = Release|Any CPU
	EndGlobalSection
	GlobalSection(SolutionProperties) = preSolution
		HideSolutionNode = FALSE
	EndGlobalSection
EndGlobal
